
Microsoft Visual Studio Solution File, Format Version 12.00
# Visual Studio Version 16
VisualStudioVersion = 16.0.28902.138
MinimumVisualStudioVersion = 10.0.40219.1
Project("{FAE04EC0-301F-11D3-BF4B-00C04F79EFBC}") = "XamppTest", "XamppTest.csproj", "{7DA84FF5-ADCF-47C7-B9EA-86B769E0F986}"
EndProject
Global
	GlobalSection(SolutionConfigurationPlatforms) = preSolution
		Debug|Any CPU = Debug|Any CPU
		Release|Any CPU = Release|Any CPU
	EndGlobalSection
	GlobalSection(ProjectConfigurationPlatforms) = postSolution
		{7DA84FF5-ADCF-47C7-B9EA-86B769E0F986}.Debug|Any CPU.ActiveCfg = Debug|Any CPU
		{7DA84FF5-ADCF-47C7-B9EA-86B769E0F986}.Debug|Any CPU.Build.0 = Debug|Any CPU
		{7DA84FF5-ADCF-47C7-B9EA-86B769E0F986}.Release|Any CPU.ActiveCfg = Release|Any CPU
		{7DA84FF5-ADCF-47C7-B9EA-86B769E0F986}.Release|Any CPU.Build.0 = Release|Any CPU
	EndGlobalSection
	GlobalSection(SolutionProperties) = preSolution
		HideSolutionNode = FALSE
	EndGlobalSection
	GlobalSection(ExtensibilityGlobals) = postSolution
		SolutionGuid = {B35291D9-48BC-4EF9-B9BA-0941A3840FF1}
	EndGlobalSection
EndGlobal
